
Microsoft Visual Studio Solution File, Format Version 12.00
# Visual Studio 15
VisualStudioVersion = 15.0.28010.2019
MinimumVisualStudioVersion = 10.0.40219.1
Project("{FAE04EC0-301F-11D3-BF4B-00C04F79EFBC}") = "FractionCal", "FractionCal\FractionCal.csproj", "{A8BDD3B4-5978-4847-8DDA-6250E1E874D3}"
EndProject
Global
	GlobalSection(SolutionConfigurationPlatforms) = preSolution
		Debug|Any CPU = Debug|Any CPU
		Release|Any CPU = Release|Any CPU
	EndGlobalSection
	GlobalSection(ProjectConfigurationPlatforms) = postSolution
		{A8BDD3B4-5978-4847-8DDA-6250E1E874D3}.Debug|Any CPU.ActiveCfg = Debug|Any CPU
		{A8BDD3B4-5978-4847-8DDA-6250E1E874D3}.Debug|Any CPU.Build.0 = Debug|Any CPU
		{A8BDD3B4-5978-4847-8DDA-6250E1E874D3}.Release|Any CPU.ActiveCfg = Release|Any CPU
		{A8BDD3B4-5978-4847-8DDA-6250E1E874D3}.Release|Any CPU.Build.0 = Release|Any CPU
	EndGlobalSection
	GlobalSection(SolutionProperties) = preSolution
		HideSolutionNode = FALSE
	EndGlobalSection
	GlobalSection(ExtensibilityGlobals) = postSolution
		SolutionGuid = {7BE9F3EA-98DB-4A47-BB2B-ED78B326BF13}
	EndGlobalSection
EndGlobal
